Microsoft Visual Studio Solution File, Format Version 12.00
# Visual Studio Version 17
VisualStudioVersion = 17.5.2.0
MinimumVisualStudioVersion = 10.0.40219.1
Project("{FAE04EC0-301F-11D3-BF4B-00C04F79EFBC}") = "RestaurantManagement - Backup.Api", "RestaurantManagement - Backup.Api.csproj", "{D9731CBD-F9A2-A42E-78AC-7B89B129F5D3}"
EndProject
Project("{FAE04EC0-301F-11D3-BF4B-00C04F79EFBC}") = "RestaurantManagement.Api", "RestaurantManagement.Api.csproj", "{0C6302A4-9CE0-AC73-300A-30C2E5D29293}"
EndProject
Global
	GlobalSection(SolutionConfigurationPlatforms) = preSolution
		Debug|Any CPU = Debug|Any CPU
		Release|Any CPU = Release|Any CPU
	EndGlobalSection
	GlobalSection(ProjectConfigurationPlatforms) = postSolution
		{D9731CBD-F9A2-A42E-78AC-7B89B129F5D3}.Debug|Any CPU.ActiveCfg = Debug|Any CPU
		{D9731CBD-F9A2-A42E-78AC-7B89B129F5D3}.Debug|Any CPU.Build.0 = Debug|Any CPU
		{D9731CBD-F9A2-A42E-78AC-7B89B129F5D3}.Release|Any CPU.ActiveCfg = Release|Any CPU
		{D9731CBD-F9A2-A42E-78AC-7B89B129F5D3}.Release|Any CPU.Build.0 = Release|Any CPU
		{0C6302A4-9CE0-AC73-300A-30C2E5D29293}.Debug|Any CPU.ActiveCfg = Debug|Any CPU
		{0C6302A4-9CE0-AC73-300A-30C2E5D29293}.Debug|Any CPU.Build.0 = Debug|Any CPU
		{0C6302A4-9CE0-AC73-300A-30C2E5D29293}.Release|Any CPU.ActiveCfg = Release|Any CPU
		{0C6302A4-9CE0-AC73-300A-30C2E5D29293}.Release|Any CPU.Build.0 = Release|Any CPU
	EndGlobalSection
	GlobalSection(SolutionProperties) = preSolution
		HideSolutionNode = FALSE
	EndGlobalSection
	GlobalSection(ExtensibilityGlobals) = postSolution
		SolutionGuid = {F5E0C56F-3EF0-47E5-9CCD-6F69485941E2}
	EndGlobalSection
EndGlobal
